
Microsoft Visual Studio Solution File, Format Version 12.00
# Visual Studio Version 17
VisualStudioVersion = 17.2.32616.157
MinimumVisualStudioVersion = 10.0.40219.1
Project("{FAE04EC0-301F-11D3-BF4B-00C04F79EFBC}") = "WebApplication1", "WebApplication1\WebApplication1.csproj", "{5E43D71F-C090-4817-BCD8-8592117418EA}"
EndProject
Global
	GlobalSection(SolutionConfigurationPlatforms) = preSolution
		Debug|Any CPU = Debug|Any CPU
		Release|Any CPU = Release|Any CPU
	EndGlobalSection
	GlobalSection(ProjectConfigurationPlatforms) = postSolution
		{5E43D71F-C090-4817-BCD8-8592117418EA}.Debug|Any CPU.ActiveCfg = Debug|Any CPU
		{5E43D71F-C090-4817-BCD8-8592117418EA}.Debug|Any CPU.Build.0 = Debug|Any CPU
		{5E43D71F-C090-4817-BCD8-8592117418EA}.Release|Any CPU.ActiveCfg = Release|Any CPU
		{5E43D71F-C090-4817-BCD8-8592117418EA}.Release|Any CPU.Build.0 = Release|Any CPU
	EndGlobalSection
	GlobalSection(SolutionProperties) = preSolution
		HideSolutionNode = FALSE
	EndGlobalSection
	GlobalSection(ExtensibilityGlobals) = postSolution
		SolutionGuid = {59B9BF26-E5E0-4526-BA45-50C72E8DA553}
	EndGlobalSection
EndGlobal
